
Microsoft Visual Studio Solution File, Format Version 12.00
# Visual Studio 15
VisualStudioVersion = 15.0.28010.2046
MinimumVisualStudioVersion = 10.0.40219.1
Project("{FAE04EC0-301F-11D3-BF4B-00C04F79EFBC}") = "Despensa", "Despensa\Despensa.csproj", "{FA589C42-E79A-4916-B2E4-C66026CDB13F}"
EndProject
Global
	GlobalSection(SolutionConfigurationPlatforms) = preSolution
		Debug|Any CPU = Debug|Any CPU
		Release|Any CPU = Release|Any CPU
	EndGlobalSection
	GlobalSection(ProjectConfigurationPlatforms) = postSolution
		{FA589C42-E79A-4916-B2E4-C66026CDB13F}.Debug|Any CPU.ActiveCfg = Debug|Any CPU
		{FA589C42-E79A-4916-B2E4-C66026CDB13F}.Debug|Any CPU.Build.0 = Debug|Any CPU
		{FA589C42-E79A-4916-B2E4-C66026CDB13F}.Release|Any CPU.ActiveCfg = Release|Any CPU
		{FA589C42-E79A-4916-B2E4-C66026CDB13F}.Release|Any CPU.Build.0 = Release|Any CPU
	EndGlobalSection
	GlobalSection(SolutionProperties) = preSolution
		HideSolutionNode = FALSE
	EndGlobalSection
	GlobalSection(ExtensibilityGlobals) = postSolution
		SolutionGuid = {859058BB-7867-4E54-A0F8-B413B60CBFD4}
	EndGlobalSection
EndGlobal
